{
  "name": "hermes-agent",
  "version": "1.0.0",
  "lockfileVersion": 3,
  "requires": true,
  "packages": {
    "": {
      "name": "hermes-agent",
      "version": "1.0.0",
      "hasInstallScript": true,
      "license": "MIT",
      "dependencies": {
        "agent-browser": "^0.26.0"
      },
      "engines": {
        "node": ">=20.0.0"
      }
    },
    "node_modules/agent-browser": {
      "version": "0.26.0",
      "resolved": "https://registry.npmjs.org/agent-browser/-/agent-browser-0.26.0.tgz",
      "integrity": "sha512-pdqSfjwbFSp+qnwlb2g23e9wXveIOfMi19xpPA9xZUbzEAUp6W4YBZj6Ybj8z4M7WkcbGDDYc+oDIHDt9R3EDQ==",
      "hasInstallScript": true,
      "license": "Apache-2.0",
      "bin": {
        "agent-browser": "bin/agent-browser.js"
      }
    }
  }
}
